
Microsoft Visual Studio Solution File, Format Version 12.00
# Visual Studio Version 17
VisualStudioVersion = 17.7.34202.233
MinimumVisualStudioVersion = 10.0.40219.1
Project("{FAE04EC0-301F-11D3-BF4B-00C04F79EFBC}") = "CircusWPF", "CircusWPF\CircusWPF.csproj", "{BF8DF794-0782-4111-AFE9-FDF0E8990570}"
EndProject
Global
	GlobalSection(SolutionConfigurationPlatforms) = preSolution
		Debug|Any CPU = Debug|Any CPU
		Release|Any CPU = Release|Any CPU
	EndGlobalSection
	GlobalSection(ProjectConfigurationPlatforms) = postSolution
		{BF8DF794-0782-4111-AFE9-FDF0E8990570}.Debug|Any CPU.ActiveCfg = Debug|Any CPU
		{BF8DF794-0782-4111-AFE9-FDF0E8990570}.Debug|Any CPU.Build.0 = Debug|Any CPU
		{BF8DF794-0782-4111-AFE9-FDF0E8990570}.Release|Any CPU.ActiveCfg = Release|Any CPU
		{BF8DF794-0782-4111-AFE9-FDF0E8990570}.Release|Any CPU.Build.0 = Release|Any CPU
	EndGlobalSection
	GlobalSection(SolutionProperties) = preSolution
		HideSolutionNode = FALSE
	EndGlobalSection
	GlobalSection(ExtensibilityGlobals) = postSolution
		SolutionGuid = {221E7A7E-1B63-42AF-9EC2-3FBFACA2D9D0}
	EndGlobalSection
EndGlobal
